// !$*UTF8*$!
{
	archiveVersion = 1;
	classes = {
	};
	objectVersion = 48;
	objects = {

/* Begin PBXBuildFile section */
		41E3715B1FE1FCF700CC0359 /* AppDelegate.swift in Sources */ = {isa = PBXBuildFile; fileRef = 41E3715A1FE1FCF700CC0359 /* AppDelegate.swift */; };
		41E3715D1FE1FCF700CC0359 /* ViewController.swift in Sources */ = {isa = PBXBuildFile; fileRef = 41E3715C1FE1FCF700CC0359 /* ViewController.swift */; };
		41E371601FE1FCF700CC0359 /* Main.storyboard in Resources */ = {isa = PBXBuildFile; fileRef = 41E3715E1FE1FCF700CC0359 /* Main.storyboard */; };
		41E371621FE1FCF700CC0359 /* Assets.xcassets in Resources */ = {isa = PBXBuildFile; fileRef = 41E371611FE1FCF700CC0359 /* Assets.xcassets */; };
		41E371651FE1FCF800CC0359 /* LaunchScreen.storyboard in Resources */ = {isa = PBXBuildFile; fileRef = 41E371631FE1FCF800CC0359 /* LaunchScreen.storyboard */; };
		6188F7F7B30B8EB4BB332618 /* Pods_PruebaAcelerometro.framework in Frameworks */ = {isa = PBXBuildFile; fileRef = 39F82AAC3E4DA1413739F171 /* Pods_PruebaAcelerometro.framework */; };
/* End PBXBuildFile section */

/* Begin PBXFileReference section */
		39F82AAC3E4DA1413739F171 /* Pods_PruebaAcelerometro.framework */ = {isa = PBXFileReference; explicitFileType = wrapper.framework; includeInIndex = 0; path = Pods_PruebaAcelerometro.framework; sourceTree = BUILT_PRODUCTS_DIR; };
		41E371571FE1FCF700CC0359 /* PruebaAcelerometro.app */ = {isa = PBXFileReference; explicitFileType = wrapper.application; includeInIndex = 0; path = PruebaAcelerometro.app; sourceTree = BUILT_PRODUCTS_DIR; };
		41E3715A1FE1FCF700CC0359 /* AppDelegate.swift */ = {isa = PBXFileReference; lastKnownFileType = sourcecode.swift; path = AppDelegate.swift; sourceTree = "<group>"; };
		41E3715C1FE1FCF700CC0359 /* ViewController.swift */ = {isa = PBXFileReference; lastKnownFileType = sourcecode.swift; path = ViewController.swift; sourceTree = "<group>"; };
		41E3715F1FE1FCF700CC0359 /* Base */ = {isa = PBXFileReference; lastKnownFileType = file.storyboard; name = Base; path = Base.lproj/Main.storyboard; sourceTree = "<group>"; };
		41E371611FE1FCF700CC0359 /* Assets.xcassets */ = {isa = PBXFileReference; lastKnownFileType = folder.assetcatalog; path = Assets.xcassets; sourceTree = "<group>"; };
		41E371641FE1FCF800CC0359 /* Base */ = {isa = PBXFileReference; lastKnownFileType = file.storyboard; name = Base; path = Base.lproj/LaunchScreen.storyboard; sourceTree = "<group>"; };
		41E371661FE1FCF800CC0359 /* Info.plist */ = {isa = PBXFileReference; lastKnownFileType = text.plist.xml; path = Info.plist; sourceTree = "<group>"; };
		A2F0C6FD713D4C2A7F74C778 /* Pods-PruebaAcelerometro.debug.xcconfig */ = {isa = PBXFileReference; includeInIndex = 1; lastKnownFileType = text.xcconfig; name = "Pods-PruebaAcelerometro.debug.xcconfig"; path = "Pods/Target Support Files/Pods-PruebaAcelerometro/Pods-PruebaAcelerometro.debug.xcconfig"; sourceTree = "<group>"; };
		AF65D746C3513569AB84600E /* Pods-PruebaAcelerometro.release.xcconfig */ = {isa = PBXFileReference; includeInIndex = 1; lastKnownFileType = text.xcconfig; name = "Pods-PruebaAcelerometro.release.xcconfig"; path = "Pods/Target Support Files/Pods-PruebaAcelerometro/Pods-PruebaAcelerometro.release.xcconfig"; sourceTree = "<group>"; };
/* End PBXFileReference section */

/* Begin PBXFrameworksBuildPhase section */
		41E371541FE1FCF700CC0359 /* Frameworks */ = {
			isa = PBXFrameworksBuildPhase;
			buildActionMask = 2147483647;
			files = (
				6188F7F7B30B8EB4BB332618 /* Pods_PruebaAcelerometro.framework in Frameworks */,
			);
			runOnlyForDeploymentPostprocessing = 0;
		};
/* End PBXFrameworksBuildPhase section */

/* Begin PBXGroup section */
		226E50090A729B13214D7BB0 /* Pods */ = {
			isa = PBXGroup;
			children = (
				A2F0C6FD713D4C2A7F74C778 /* Pods-PruebaAcelerometro.debug.xcconfig */,
				AF65D746C3513569AB84600E /* Pods-PruebaAcelerometro.release.xcconfig */,
			);
			name = Pods;
			sourceTree = "<group>";
		};
		2F022F6C2CF276277D0A5E9F /* Frameworks */ = {
			isa = PBXGroup;
			children = (
				39F82AAC3E4DA1413739F171 /* Pods_PruebaAcelerometro.framework */,
			);
			name = Frameworks;
			sourceTree = "<group>";
		};
		41E3714E1FE1FCF700CC0359 = {
			isa = PBXGroup;
			children = (
				41E371591FE1FCF700CC0359 /* PruebaAcelerometro */,
				41E371581FE1FCF700CC0359 /* Products */,
				226E50090A729B13214D7BB0 /* Pods */,
				2F022F6C2CF276277D0A5E9F /* Frameworks */,
			);
			sourceTree = "<group>";
		};
		41E371581FE1FCF700CC0359 /* Products */ = {
			isa = PBXGroup;
			children = (
				41E371571FE1FCF700CC0359 /* PruebaAcelerometro.app */,
			);
			name = Products;
			sourceTree = "<group>";
		};
		41E371591FE1FCF700CC0359 /* PruebaAcelerometro */ = {
			isa = PBXGroup;
			children = (
				41E3715A1FE1FCF700CC0359 /* AppDelegate.swift */,
				41E3715C1FE1FCF700CC0359 /* ViewController.swift */,
				41E3715E1FE1FCF700CC0359 /* Main.storyboard */,
				41E371611FE1FCF700CC0359 /* Assets.xcassets */,
				41E371631FE1FCF800CC0359 /* LaunchScreen.storyboard */,
				41E371661FE1FCF800CC0359 /* Info.plist */,
			);
			path = PruebaAcelerometro;
			sourceTree = "<group>";
		};
/* End PBXGroup section */

/* Begin PBXNativeTarget section */
		41E371561FE1FCF700CC0359 /* PruebaAcelerometro */ = {
			isa = PBXNativeTarget;
			buildConfigurationList = 41E371691FE1FCF800CC0359 /* Build configuration list for PBXNativeTarget "PruebaAcelerometro" */;
			buildPhases = (
				D6C8C83233716E010C07E89B /* [CP] Check Pods Manifest.lock */,
				41E371531FE1FCF700CC0359 /* Sources */,
				41E371541FE1FCF700CC0359 /* Frameworks */,
				41E371551FE1FCF700CC0359 /* Resources */,
				CBE0C4D6556B79192FA54289 /* [CP] Embed Pods Frameworks */,
				C78428432B8AC6764AB20B04 /* [CP] Copy Pods Resources */,
			);
			buildRules = (
			);
			dependencies = (
			);
			name = PruebaAcelerometro;
			productName = PruebaAcelerometro;
			productReference = 41E371571FE1FCF700CC0359 /* PruebaAcelerometro.app */;
			productType = "com.apple.product-type.application";
		};
/* End PBXNativeTarget section */

/* Begin PBXProject section */
		41E3714F1FE1FCF700CC0359 /* Project object */ = {
			isa = PBXProject;
			attributes = {
				LastSwiftUpdateCheck = 0920;
				LastUpgradeCheck = 0920;
				ORGANIZATIONNAME = "Ion Jaureguialzo Sarasola";
				TargetAttributes = {
					41E371561FE1FCF700CC0359 = {
						CreatedOnToolsVersion = 9.2;
						ProvisioningStyle = Automatic;
					};
				};
			};
			buildConfigurationList = 41E371521FE1FCF700CC0359 /* Build configuration list for PBXProject "PruebaAcelerometro" */;
			compatibilityVersion = "Xcode 8.0";
			developmentRegion = en;
			hasScannedForEncodings = 0;
			knownRegions = (
				en,
				Base,
			);
			mainGroup = 41E3714E1FE1FCF700CC0359;
			productRefGroup = 41E371581FE1FCF700CC0359 /* Products */;
			projectDirPath = "";
			projectRoot = "";
			targets = (
				41E371561FE1FCF700CC0359 /* PruebaAcelerometro */,
			);
		};
/* End PBXProject section */

/* Begin PBXResourcesBuildPhase section */
		41E371551FE1FCF700CC0359 /* Resources */ = {
			isa = PBXResourcesBuildPhase;
			buildActionMask = 2147483647;
			files = (
				41E371651FE1FCF800CC0359 /* LaunchScreen.storyboard in Resources */,
				41E371621FE1FCF700CC0359 /* Assets.xcassets in Resources */,
				41E371601FE1FCF700CC0359 /* Main.storyboard in Resources */,
			);
			runOnlyForDeploymentPostprocessing = 0;
		};
/* End PBXResourcesBuildPhase section */

/* Begin PBXShellScriptBuildPhase section */
		C78428432B8AC6764AB20B04 /* [CP] Copy Pods Resources */ = {
			isa = PBXShellScriptBuildPhase;
			buildActionMask = 2147483647;
			files = (
			);
			inputPaths = (
			);
			name = "[CP] Copy Pods Resources";
			outputPaths = (
			);
			runOnlyForDeploymentPostprocessing = 0;
			shellPath = /bin/sh;
			shellScript = "\"${SRCROOT}/Pods/Target Support Files/Pods-PruebaAcelerometro/Pods-PruebaAcelerometro-resources.sh\"\n";
			showEnvVarsInLog = 0;
		};
		CBE0C4D6556B79192FA54289 /* [CP] Embed Pods Frameworks */ = {
			isa = PBXShellScriptBuildPhase;
			buildActionMask = 2147483647;
			files = (
			);
			inputPaths = (
				"${SRCROOT}/Pods/Target Support Files/Pods-PruebaAcelerometro/Pods-PruebaAcelerometro-frameworks.sh",
				"${BUILT_PRODUCTS_DIR}/Alamofire/Alamofire.framework",
			);
			name = "[CP] Embed Pods Frameworks";
			outputPaths = (
				"${TARGET_BUILD_DIR}/${FRAMEWORKS_FOLDER_PATH}/Alamofire.framework",
			);
			runOnlyForDeploymentPostprocessing = 0;
			shellPath = /bin/sh;
			shellScript = "\"${SRCROOT}/Pods/Target Support Files/Pods-PruebaAcelerometro/Pods-PruebaAcelerometro-frameworks.sh\"\n";
			showEnvVarsInLog = 0;
		};
		D6C8C83233716E010C07E89B /* [CP] Check Pods Manifest.lock */ = {
			isa = PBXShellScriptBuildPhase;
			buildActionMask = 2147483647;
			files = (
			);
			inputPaths = (
				"${PODS_PODFILE_DIR_PATH}/Podfile.lock",
				"${PODS_ROOT}/Manifest.lock",
			);
			name = "[CP] Check Pods Manifest.lock";
			outputPaths = (
				"$(DERIVED_FILE_DIR)/Pods-PruebaAcelerometro-checkManifestLockResult.txt",
			);
			runOnlyForDeploymentPostprocessing = 0;
			shellPath = /bin/sh;
			shellScript = "diff \"${PODS_PODFILE_DIR_PATH}/Podfile.lock\" \"${PODS_ROOT}/Manifest.lock\" > /dev/null\nif [ $? != 0 ] ; then\n    # print error to STDERR\n    echo \"error: The sandbox is not in sync with the Podfile.lock. Run 'pod install' or update your CocoaPods installation.\" >&2\n    exit 1\nfi\n# This output is used by Xcode 'outputs' to avoid re-running this script phase.\necho \"SUCCESS\" > \"${SCRIPT_OUTPUT_FILE_0}\"\n";
			showEnvVarsInLog = 0;
		};
/* End PBXShellScriptBuildPhase section */

/* Begin PBXSourcesBuildPhase section */
		41E371531FE1FCF700CC0359 /* Sources */ = {
			isa = PBXSourcesBuildPhase;
			buildActionMask = 2147483647;
			files = (
				41E3715D1FE1FCF700CC0359 /* ViewController.swift in Sources */,
				41E3715B1FE1FCF700CC0359 /* AppDelegate.swift in Sources */,
			);
			runOnlyForDeploymentPostprocessing = 0;
		};
/* End PBXSourcesBuildPhase section */

/* Begin PBXVariantGroup section */
		41E3715E1FE1FCF700CC0359 /* Main.storyboard */ = {
			isa = PBXVariantGroup;
			children = (
				41E3715F1FE1FCF700CC0359 /* Base */,
			);
			name = Main.storyboard;
			sourceTree = "<group>";
		};
		41E371631FE1FCF800CC0359 /* LaunchScreen.storyboard */ = {
			isa = PBXVariantGroup;
			children = (
				41E371641FE1FCF800CC0359 /* Base */,
			);
			name = LaunchScreen.storyboard;
			sourceTree = "<group>";
		};
/* End PBXVariantGroup section */

/* Begin XCBuildConfiguration section */
		41E371671FE1FCF800CC0359 /* Debug */ = {
			isa = XCBuildConfiguration;
			buildSettings = {
				ALWAYS_SEARCH_USER_PATHS = NO;
				CLANG_ANALYZER_NONNULL = YES;
				CLANG_ANALYZER_NUMBER_OBJECT_CONVERSION = YES_AGGRESSIVE;
				CLANG_CXX_LANGUAGE_STANDARD = "gnu++14";
				CLANG_CXX_LIBRARY = "libc++";
				CLANG_ENABLE_MODULES = YES;
				CLANG_ENABLE_OBJC_ARC = YES;
				CLANG_WARN_BLOCK_CAPTURE_AUTORELEASING = YES;
				CLANG_WARN_BOOL_CONVERSION = YES;
				CLANG_WARN_COMMA = YES;
				CLANG_WARN_CONSTANT_CONVERSION = YES;
				CLANG_WARN_DIRECT_OBJC_ISA_USAGE = YES_ERROR;
				CLANG_WARN_DOCUMENTATION_COMMENTS = YES;
				CLANG_WARN_EMPTY_BODY = YES;
				CLANG_WARN_ENUM_CONVERSION = YES;
				CLANG_WARN_INFINITE_RECURSION = YES;
				CLANG_WARN_INT_CONVERSION = YES;
				CLANG_WARN_NON_LITERAL_NULL_CONVERSION = YES;
				CLANG_WARN_OBJC_LITERAL_CONVERSION = YES;
				CLANG_WARN_OBJC_ROOT_CLASS = YES_ERROR;
				CLANG_WARN_RANGE_LOOP_ANALYSIS = YES;
				CLANG_WARN_STRICT_PROTOTYPES = YES;
				CLANG_WARN_SUSPICIOUS_MOVE = YES;
				CLANG_WARN_UNGUARDED_AVAILABILITY = YES_AGGRESSIVE;
				CLANG_WARN_UNREACHABLE_CODE = YES;
				CLANG_WARN__DUPLICATE_METHOD_MATCH = YES;
				CODE_SIGN_IDENTITY = "iPhone Developer";
				COPY_PHASE_STRIP = NO;
				DEBUG_INFORMATION_FORMAT = dwarf;
				ENABLE_STRICT_OBJC_MSGSEND = YES;
				ENABLE_TESTABILITY = YES;
				GCC_C_LANGUAGE_STANDARD = gnu11;
				GCC_DYNAMIC_NO_PIC = NO;
				GCC_NO_COMMON_BLOCKS = YES;
				GCC_OPTIMIZATION_LEVEL = 0;
				GCC_PREPROCESSOR_DEFINITIONS = (
					"DEBUG=1",
					"$(inherited)",
				);
				GCC_WARN_64_TO_32_BIT_CONVERSION = YES;
				GCC_WARN_ABOUT_RETURN_TYPE = YES_ERROR;
				GCC_WARN_UNDECLARED_SELECTOR = YES;
				GCC_WARN_UNINITIALIZED_AUTOS = YES_AGGRESSIVE;
				GCC_WARN_UNUSED_FUNCTION = YES;
				GCC_WARN_UNUSED_VARIABLE = YES;
				IPHONEOS_DEPLOYMENT_TARGET = 11.2;
				MTL_ENABLE_DEBUG_INFO = YES;
				ONLY_ACTIVE_ARCH = YES;
				SDKROOT = iphoneos;
				SWIFT_ACTIVE_COMPILATION_CONDITIONS = DEBUG;
				SWIFT_OPTIMIZATION_LEVEL = "-Onone";
			};
			name = Debug;
		};
		41E371681FE1FCF800CC0359 /* Release */ = {
			isa = XCBuildConfiguration;
			buildSettings = {
				ALWAYS_SEARCH_USER_PATHS = NO;
				CLANG_ANALYZER_NONNULL = YES;
				CLANG_ANALYZER_NUMBER_OBJECT_CONVERSION = YES_AGGRESSIVE;
				CLANG_CXX_LANGUAGE_STANDARD = "gnu++14";
				CLANG_CXX_LIBRARY = "libc++";
				CLANG_ENABLE_MODULES = YES;
				CLANG_ENABLE_OBJC_ARC = YES;
				CLANG_WARN_BLOCK_CAPTURE_AUTORELEASING = YES;
				CLANG_WARN_BOOL_CONVERSION = YES;
				CLANG_WARN_COMMA = YES;
				CLANG_WARN_CONSTANT_CONVERSION = YES;
				CLANG_WARN_DIRECT_OBJC_ISA_USAGE = YES_ERROR;
				CLANG_WARN_DOCUMENTATION_COMMENTS = YES;
				CLANG_WARN_EMPTY_BODY = YES;
				CLANG_WARN_ENUM_CONVERSION = YES;
				CLANG_WARN_INFINITE_RECURSION = YES;
				CLANG_WARN_INT_CONVERSION = YES;
				CLANG_WARN_NON_LITERAL_NULL_CONVERSION = YES;
				CLANG_WARN_OBJC_LITERAL_CONVERSION = YES;
				CLANG_WARN_OBJC_ROOT_CLASS = YES_ERROR;
				CLANG_WARN_RANGE_LOOP_ANALYSIS = YES;
				CLANG_WARN_STRICT_PROTOTYPES = YES;
				CLANG_WARN_SUSPICIOUS_MOVE = YES;
				CLANG_WARN_UNGUARDED_AVAILABILITY = YES_AGGRESSIVE;
				CLANG_WARN_UNREACHABLE_CODE = YES;
				CLANG_WARN__DUPLICATE_METHOD_MATCH = YES;
				CODE_SIGN_IDENTITY = "iPhone Developer";
				COPY_PHASE_STRIP = NO;
				DEBUG_INFORMATION_FORMAT = "dwarf-with-dsym";
				ENABLE_NS_ASSERTIONS = NO;
				ENABLE_STRICT_OBJC_MSGSEND = YES;
				GCC_C_LANGUAGE_STANDARD = gnu11;
				GCC_NO_COMMON_BLOCKS = YES;
				GCC_WARN_64_TO_32_BIT_CONVERSION = YES;
				GCC_WARN_ABOUT_RETURN_TYPE = YES_ERROR;
				GCC_WARN_UNDECLARED_SELECTOR = YES;
				GCC_WARN_UNINITIALIZED_AUTOS = YES_AGGRESSIVE;
				GCC_WARN_UNUSED_FUNCTION = YES;
				GCC_WARN_UNUSED_VARIABLE = YES;
				IPHONEOS_DEPLOYMENT_TARGET = 11.2;
				MTL_ENABLE_DEBUG_INFO = NO;
				SDKROOT = iphoneos;
				SWIFT_OPTIMIZATION_LEVEL = "-Owholemodule";
				VALIDATE_PRODUCT = YES;
			};
			name = Release;
		};
		41E3716A1FE1FCF800CC0359 /* Debug */ = {
			isa = XCBuildConfiguration;
			baseConfigurationReference = A2F0C6FD713D4C2A7F74C778 /* Pods-PruebaAcelerometro.debug.xcconfig */;
			buildSettings = {
				ASSETCATALOG_COMPILER_APPICON_NAME = AppIcon;
				CODE_SIGN_STYLE = Automatic;
				DEVELOPMENT_TEAM = RSEH385M54;
				INFOPLIST_FILE = PruebaAcelerometro/Info.plist;
				LD_RUNPATH_SEARCH_PATHS = "$(inherited) @executable_path/Frameworks";
				PRODUCT_BUNDLE_IDENTIFIER = con.jaureguialzo.PruebaAcelerometro;
				PRODUCT_NAME = "$(TARGET_NAME)";
				SWIFT_VERSION = 4.0;
				TARGETED_DEVICE_FAMILY = "1,2";
			};
			name = Debug;
		};
		41E3716B1FE1FCF800CC0359 /* Release */ = {
			isa = XCBuildConfiguration;
			baseConfigurationReference = AF65D746C3513569AB84600E /* Pods-PruebaAcelerometro.release.xcconfig */;
			buildSettings = {
				ASSETCATALOG_COMPILER_APPICON_NAME = AppIcon;
				CODE_SIGN_STYLE = Automatic;
				DEVELOPMENT_TEAM = RSEH385M54;
				INFOPLIST_FILE = PruebaAcelerometro/Info.plist;
				LD_RUNPATH_SEARCH_PATHS = "$(inherited) @executable_path/Frameworks";
				PRODUCT_BUNDLE_IDENTIFIER = con.jaureguialzo.PruebaAcelerometro;
				PRODUCT_NAME = "$(TARGET_NAME)";
				SWIFT_VERSION = 4.0;
				TARGETED_DEVICE_FAMILY = "1,2";
			};
			name = Release;
		};
/* End XCBuildConfiguration section */

/* Begin XCConfigurationList section */
		41E371521FE1FCF700CC0359 /* Build configuration list for PBXProject "PruebaAcelerometro" */ = {
			isa = XCConfigurationList;
			buildConfigurations = (
				41E371671FE1FCF800CC0359 /* Debug */,
				41E371681FE1FCF800CC0359 /* Release */,
			);
			defaultConfigurationIsVisible = 0;
			defaultConfigurationName = Release;
		};
		41E371691FE1FCF800CC0359 /* Build configuration list for PBXNativeTarget "PruebaAcelerometro" */ = {
			isa = XCConfigurationList;
			buildConfigurations = (
				41E3716A1FE1FCF800CC0359 /* Debug */,
				41E3716B1FE1FCF800CC0359 /* Release */,
			);
			defaultConfigurationIsVisible = 0;
			defaultConfigurationName = Release;
		};
/* End XCConfigurationList section */
	};
	rootObject = 41E3714F1FE1FCF700CC0359 /* Project object */;
}
